{
  "name": "se.emilohman.nibe",
  "version": "1.0.0",
  "lockfileVersion": 2,
  "requires": true,
  "packages": {
    "": {
      "name": "se.emilohman.nibe",
      "version": "1.0.0",
      "license": "ISC",
      "dependencies": {
        "homey-oauth2app": "3.5.2"
      }
    },
    "node_modules/homey-oauth2app": {
      "version": "3.5.2",
      "resolved": "https://registry.npmjs.org/homey-oauth2app/-/homey-oauth2app-3.5.2.tgz",
      "integrity": "sha512-1EGCPM+r5m8XqVbntNmrxp+EhE+p6DWnzxRJPorNiiP4DbVIKOzHPcMcgPsIjKwWLl0LRyo9GyfdSEpkYHzDLA==",
      "dependencies": {
        "node-fetch": "^2.3.0"
      }
    },
    "node_modules/node-fetch": {
      "version": "2.6.1",
      "resolved": "https://registry.npmjs.org/node-fetch/-/node-fetch-2.6.1.tgz",
      "integrity": "sha512-V4aYg89jEoVRxRb2fJdAg8FHvI7cEyYdVAh94HH0UIK8oJxUfkjlDQN9RbMx+bEjP7+ggMiFRprSti032Oipxw==",
      "engines": {
        "node": "4.x || >=6.0.0"
      }
    }
  },
  "dependencies": {
    "homey-oauth2app": {
      "version": "3.5.2",
      "resolved": "https://registry.npmjs.org/homey-oauth2app/-/homey-oauth2app-3.5.2.tgz",
      "integrity": "sha512-1EGCPM+r5m8XqVbntNmrxp+EhE+p6DWnzxRJPorNiiP4DbVIKOzHPcMcgPsIjKwWLl0LRyo9GyfdSEpkYHzDLA==",
      "requires": {
        "node-fetch": "^2.3.0"
      }
    },
    "node-fetch": {
      "version": "2.6.1",
      "resolved": "https://registry.npmjs.org/node-fetch/-/node-fetch-2.6.1.tgz",
      "integrity": "sha512-V4aYg89jEoVRxRb2fJdAg8FHvI7cEyYdVAh94HH0UIK8oJxUfkjlDQN9RbMx+bEjP7+ggMiFRprSti032Oipxw=="
    }
  }
}
